
Microsoft Visual Studio Solution File, Format Version 12.00
# Visual Studio Version 17
VisualStudioVersion = 17.0.31903.59
MinimumVisualStudioVersion = 10.0.40219.1
Project("{2150E333-8FDC-42A3-9474-1A3956D46DE8}") = "src", "src", "{4430253C-9E6B-4FAE-8055-E83F8F2207B4}"
EndProject
Project("{2150E333-8FDC-42A3-9474-1A3956D46DE8}") = "Services", "Services", "{3E9994F8-9AE2-4C99-95D1-47C9F9B7FB1E}"
EndProject
Project("{FAE04EC0-301F-11D3-BF4B-00C04F79EFBC}") = "AppointmentService", "src\Services\AppointmentService\AppointmentService.csproj", "{663EC74F-3319-4090-8E6D-080384D39030}"
EndProject
Project("{2150E333-8FDC-42A3-9474-1A3956D46DE8}") = "Shared", "Shared", "{C7089CF2-DA01-41D9-934C-7231207EBC97}"
EndProject
Project("{FAE04EC0-301F-11D3-BF4B-00C04F79EFBC}") = "Models", "src\Shared\Models\Models.csproj", "{98C41BE1-9A59-431B-8254-5840882C4D06}"
EndProject
Project("{FAE04EC0-301F-11D3-BF4B-00C04F79EFBC}") = "NotificationService", "src\Services\NotificationService\NotificationService.csproj", "{1AD01101-BE17-4F4E-BF0C-E3F483B77EF4}"
EndProject
Project("{FAE04EC0-301F-11D3-BF4B-00C04F79EFBC}") = "ApiGateway", "src\ApiGateway\ApiGateway.csproj", "{7C4E2678-F6FF-43D4-81C6-009B9B16C46A}"
EndProject
Project("{2150E333-8FDC-42A3-9474-1A3956D46DE8}") = "Frontend", "Frontend", "{6BB14921-AD8E-4416-AD81-DC9FA8D9438D}"
EndProject
Project("{FAE04EC0-301F-11D3-BF4B-00C04F79EFBC}") = "BlazorApp", "src\Frontend\BlazorApp\BlazorApp.csproj", "{0014B491-C4B0-41F5-8362-EC466B8B52C6}"
EndProject
Global
	GlobalSection(SolutionConfigurationPlatforms) = preSolution
		Debug|Any CPU = Debug|Any CPU
		Release|Any CPU = Release|Any CPU
	EndGlobalSection
	GlobalSection(SolutionProperties) = preSolution
		HideSolutionNode = FALSE
	EndGlobalSection
	GlobalSection(ProjectConfigurationPlatforms) = postSolution
		{663EC74F-3319-4090-8E6D-080384D39030}.Debug|Any CPU.ActiveCfg = Debug|Any CPU
		{663EC74F-3319-4090-8E6D-080384D39030}.Debug|Any CPU.Build.0 = Debug|Any CPU
		{663EC74F-3319-4090-8E6D-080384D39030}.Release|Any CPU.ActiveCfg = Release|Any CPU
		{663EC74F-3319-4090-8E6D-080384D39030}.Release|Any CPU.Build.0 = Release|Any CPU
		{98C41BE1-9A59-431B-8254-5840882C4D06}.Debug|Any CPU.ActiveCfg = Debug|Any CPU
		{98C41BE1-9A59-431B-8254-5840882C4D06}.Debug|Any CPU.Build.0 = Debug|Any CPU
		{98C41BE1-9A59-431B-8254-5840882C4D06}.Release|Any CPU.ActiveCfg = Release|Any CPU
		{98C41BE1-9A59-431B-8254-5840882C4D06}.Release|Any CPU.Build.0 = Release|Any CPU
		{1AD01101-BE17-4F4E-BF0C-E3F483B77EF4}.Debug|Any CPU.ActiveCfg = Debug|Any CPU
		{1AD01101-BE17-4F4E-BF0C-E3F483B77EF4}.Debug|Any CPU.Build.0 = Debug|Any CPU
		{1AD01101-BE17-4F4E-BF0C-E3F483B77EF4}.Release|Any CPU.ActiveCfg = Release|Any CPU
		{1AD01101-BE17-4F4E-BF0C-E3F483B77EF4}.Release|Any CPU.Build.0 = Release|Any CPU
		{7C4E2678-F6FF-43D4-81C6-009B9B16C46A}.Debug|Any CPU.ActiveCfg = Debug|Any CPU
		{7C4E2678-F6FF-43D4-81C6-009B9B16C46A}.Debug|Any CPU.Build.0 = Debug|Any CPU
		{7C4E2678-F6FF-43D4-81C6-009B9B16C46A}.Release|Any CPU.ActiveCfg = Release|Any CPU
		{7C4E2678-F6FF-43D4-81C6-009B9B16C46A}.Release|Any CPU.Build.0 = Release|Any CPU
		{0014B491-C4B0-41F5-8362-EC466B8B52C6}.Debug|Any CPU.ActiveCfg = Debug|Any CPU
		{0014B491-C4B0-41F5-8362-EC466B8B52C6}.Debug|Any CPU.Build.0 = Debug|Any CPU
		{0014B491-C4B0-41F5-8362-EC466B8B52C6}.Release|Any CPU.ActiveCfg = Release|Any CPU
		{0014B491-C4B0-41F5-8362-EC466B8B52C6}.Release|Any CPU.Build.0 = Release|Any CPU
	EndGlobalSection
	GlobalSection(NestedProjects) = preSolution
		{3E9994F8-9AE2-4C99-95D1-47C9F9B7FB1E} = {4430253C-9E6B-4FAE-8055-E83F8F2207B4}
		{663EC74F-3319-4090-8E6D-080384D39030} = {3E9994F8-9AE2-4C99-95D1-47C9F9B7FB1E}
		{C7089CF2-DA01-41D9-934C-7231207EBC97} = {4430253C-9E6B-4FAE-8055-E83F8F2207B4}
		{98C41BE1-9A59-431B-8254-5840882C4D06} = {C7089CF2-DA01-41D9-934C-7231207EBC97}
		{1AD01101-BE17-4F4E-BF0C-E3F483B77EF4} = {3E9994F8-9AE2-4C99-95D1-47C9F9B7FB1E}
		{7C4E2678-F6FF-43D4-81C6-009B9B16C46A} = {4430253C-9E6B-4FAE-8055-E83F8F2207B4}
		{6BB14921-AD8E-4416-AD81-DC9FA8D9438D} = {4430253C-9E6B-4FAE-8055-E83F8F2207B4}
		{0014B491-C4B0-41F5-8362-EC466B8B52C6} = {6BB14921-AD8E-4416-AD81-DC9FA8D9438D}
	EndGlobalSection
EndGlobal
